<?xml version="1.0" encoding="UTF-8" standalone="yes" ?>
<CodeBlocks_project_file>
	<FileVersion major="1" minor="6" />
	<Project>
		<Option title="coldfire" />
		<Option pch_mode="2" />
		<Option compiler="armelfgcc" />
		<Build>
			<Target title="Release">
				<Option output="bin\Release\coldfire" prefix_auto="1" extension_auto="1" />
				<Option object_output="obj\Release\" />
				<Option type="1" />
				<Option compiler="gnu_gcc_compiler_for_coldfire" />
				<Compiler>
					<Add option="-Os" />
					<Add option="-Wall" />
					<Add option="-fomit-frame-pointer" />
				</Compiler>
				<Linker>
					<Add option="-Tch.ld" />
					<Add option="-nostartfiles" />
					<Add option="-Wl,--relax" />
					<Add option="-Wl,-gc-sections" />
				</Linker>
				<ExtraCommands>
					<Add after="m68k-elf-objcopy -O binary $(TARGET_OUTPUT_FILE)  $(TARGET_OUTPUT_DIR)$(TARGET_OUTPUT_BASENAME).bin" />
					<Add after="m68k-elf-objcopy -O srec $(TARGET_OUTPUT_FILE)  $(TARGET_OUTPUT_DIR)$(TARGET_OUTPUT_BASENAME).srec" />
					<Add after="m68k-elf-size $(TARGET_OUTPUT_FILE)" />
					<Mode after="always" />
				</ExtraCommands>
			</Target>
		</Build>
		<Compiler>
			<Add option="-Wall" />
			<Add option="-std=gnu99" />
			<Add option="-funsigned-char" />
			<Add option="-fshort-enums" />
			<Add option="-Wswitch" />
			<Add option="-Wunused-variable" />
			<Add option="-Wno-pointer-sign" />
			<Add option="-m5200" />
			<Add option="-fno-optimize-sibling-calls" />
			<Add option="-ffunction-sections" />
			<Add option="--param inline-call-cost=4" />
			<Add option="-DF_CPU=50000000" />
			<Add directory="..\..\os\kernel\include" />
			<Add directory="..\..\os\ports\GCC\CF" />
			<Add directory="..\..\boards\GENERIC_MCF5206e" />
			<Add directory="..\..\os\hal\platforms\MCF5206e" />
			<Add directory="..\..\os\hal\include" />
			<Add directory="..\..\test" />
			<Add directory="." />
		</Compiler>
		<Linker>
			<Add directory="C:\Program Files\CodeSourcery\Coldfire\lib\gcc\m68k-elf\4.3.3\m5206e" />
			<Add directory="C:\Program Files\CodeSourcery\Coldfire\m68k-elf\lib\m5206e" />
		</Linker>
		<Unit filename="..\..\boards\GENERIC_MCF5206e\board.c">
			<Option compilerVar="CC" />
		</Unit>
		<Unit filename="..\..\boards\GENERIC_MCF5206e\board.h" />
		<Unit filename="ch.ld" />
		<Unit filename="chconf.h" />
		<Unit filename="halconf.h" />
		<Unit filename="main.c">
			<Option compilerVar="CC" />
		</Unit>
		<Unit filename="mcuconf.h" />
		<Unit filename="..\..\os\hal\include\hal.h" />
		<Unit filename="..\..\os\hal\include\pal.h" />
		<Unit filename="..\..\os\hal\platforms\MCF5206e\hal_lld.c">
			<Option compilerVar="CC" />
		</Unit>
		<Unit filename="..\..\os\hal\platforms\MCF5206e\hal_lld.h" />
		<Unit filename="..\..\os\hal\platforms\MCF5206e\pal_lld.c">
			<Option compilerVar="CC" />
		</Unit>
		<Unit filename="..\..\os\hal\platforms\MCF5206e\pal_lld.h" />
		<Unit filename="..\..\os\hal\platforms\MCF5206e\serial_lld.c">
			<Option compilerVar="CC" />
		</Unit>
		<Unit filename="..\..\os\hal\platforms\MCF5206e\serial_lld.h" />
		<Unit filename="..\..\os\hal\src\hal.c">
			<Option compilerVar="CC" />
		</Unit>
		<Unit filename="..\..\os\hal\src\pal.c">
			<Option compilerVar="CC" />
		</Unit>
		<Unit filename="..\..\os\hal\src\serial.c">
			<Option compilerVar="CC" />
		</Unit>
		<Unit filename="..\..\os\kernel\include\ch.h" />
		<Unit filename="..\..\os\kernel\include\channels.h" />
		<Unit filename="..\..\os\kernel\include\condvars.h" />
		<Unit filename="..\..\os\kernel\include\debug.h" />
		<Unit filename="..\..\os\kernel\include\events.h" />
		<Unit filename="..\..\os\kernel\include\heap.h" />
		<Unit filename="..\..\os\kernel\include\inline.h" />
		<Unit filename="..\..\os\kernel\include\lists.h" />
		<Unit filename="..\..\os\kernel\include\mailboxes.h" />
		<Unit filename="..\..\os\kernel\include\memcore.h" />
		<Unit filename="..\..\os\kernel\include\mempools.h" />
		<Unit filename="..\..\os\kernel\include\messages.h" />
		<Unit filename="..\..\os\kernel\include\mutexes.h" />
		<Unit filename="..\..\os\kernel\include\queues.h" />
		<Unit filename="..\..\os\kernel\include\registry.h" />
		<Unit filename="..\..\os\kernel\include\scheduler.h" />
		<Unit filename="..\..\os\kernel\include\semaphores.h" />
		<Unit filename="..\..\os\kernel\include\streams.h" />
		<Unit filename="..\..\os\kernel\include\sys.h" />
		<Unit filename="..\..\os\kernel\include\threads.h" />
		<Unit filename="..\..\os\kernel\include\vt.h" />
		<Unit filename="..\..\os\kernel\src\chcond.c">
			<Option compilerVar="CC" />
		</Unit>
		<Unit filename="..\..\os\kernel\src\chdebug.c">
			<Option compilerVar="CC" />
		</Unit>
		<Unit filename="..\..\os\kernel\src\chevents.c">
			<Option compilerVar="CC" />
		</Unit>
		<Unit filename="..\..\os\kernel\src\chheap.c">
			<Option compilerVar="CC" />
		</Unit>
		<Unit filename="..\..\os\kernel\src\chlists.c">
			<Option compilerVar="CC" />
		</Unit>
		<Unit filename="..\..\os\kernel\src\chmboxes.c">
			<Option compilerVar="CC" />
		</Unit>
		<Unit filename="..\..\os\kernel\src\chmemcore.c">
			<Option compilerVar="CC" />
		</Unit>
		<Unit filename="..\..\os\kernel\src\chmempools.c">
			<Option compilerVar="CC" />
		</Unit>
		<Unit filename="..\..\os\kernel\src\chmsg.c">
			<Option compilerVar="CC" />
		</Unit>
		<Unit filename="..\..\os\kernel\src\chmtx.c">
			<Option compilerVar="CC" />
		</Unit>
		<Unit filename="..\..\os\kernel\src\chqueues.c">
			<Option compilerVar="CC" />
		</Unit>
		<Unit filename="..\..\os\kernel\src\chregistry.c">
			<Option compilerVar="CC" />
		</Unit>
		<Unit filename="..\..\os\kernel\src\chschd.c">
			<Option compilerVar="CC" />
		</Unit>
		<Unit filename="..\..\os\kernel\src\chsem.c">
			<Option compilerVar="CC" />
		</Unit>
		<Unit filename="..\..\os\kernel\src\chsys.c">
			<Option compilerVar="CC" />
		</Unit>
		<Unit filename="..\..\os\kernel\src\chthreads.c">
			<Option compilerVar="CC" />
		</Unit>
		<Unit filename="..\..\os\kernel\src\chvt.c">
			<Option compilerVar="CC" />
		</Unit>
		<Unit filename="..\..\os\ports\GCC\CF\chcore.c">
			<Option compilerVar="CC" />
		</Unit>
		<Unit filename="..\..\os\ports\GCC\CF\chcore.h" />
		<Unit filename="..\..\os\ports\GCC\CF\chtypes.h" />
		<Unit filename="..\..\os\ports\GCC\CF\crt0.s" />
		<Unit filename="..\..\test\test.c">
			<Option compilerVar="CC" />
		</Unit>
		<Unit filename="..\..\test\test.h" />
		<Unit filename="..\..\test\testbmk.c">
			<Option compilerVar="CC" />
		</Unit>
		<Unit filename="..\..\test\testbmk.h" />
		<Unit filename="..\..\test\testdyn.c">
			<Option compilerVar="CC" />
		</Unit>
		<Unit filename="..\..\test\testdyn.h" />
		<Unit filename="..\..\test\testevt.c">
			<Option compilerVar="CC" />
		</Unit>
		<Unit filename="..\..\test\testevt.h" />
		<Unit filename="..\..\test\testheap.c">
			<Option compilerVar="CC" />
		</Unit>
		<Unit filename="..\..\test\testheap.h" />
		<Unit filename="..\..\test\testmbox.c">
			<Option compilerVar="CC" />
		</Unit>
		<Unit filename="..\..\test\testmbox.h" />
		<Unit filename="..\..\test\testmsg.c">
			<Option compilerVar="CC" />
		</Unit>
		<Unit filename="..\..\test\testmsg.h" />
		<Unit filename="..\..\test\testmtx.c">
			<Option compilerVar="CC" />
		</Unit>
		<Unit filename="..\..\test\testmtx.h" />
		<Unit filename="..\..\test\testpools.c">
			<Option compilerVar="CC" />
		</Unit>
		<Unit filename="..\..\test\testpools.h" />
		<Unit filename="..\..\test\testqueues.c">
			<Option compilerVar="CC" />
		</Unit>
		<Unit filename="..\..\test\testqueues.h" />
		<Unit filename="..\..\test\testsem.c">
			<Option compilerVar="CC" />
		</Unit>
		<Unit filename="..\..\test\testsem.h" />
		<Unit filename="..\..\test\testthd.c">
			<Option compilerVar="CC" />
		</Unit>
		<Unit filename="..\..\test\testthd.h" />
		<Extensions>
			<code_completion />
			<envvars />
			<debugger />
			<lib_finder disable_auto="1" />
		</Extensions>
	</Project>
</CodeBlocks_project_file>
